{
  "requires": true,
  "lockfileVersion": 1,
  "dependencies": {
    "inuit-box-sizing": {
      "version": "0.2.0",
      "resolved": "https://registry.npmjs.org/inuit-box-sizing/-/inuit-box-sizing-0.2.0.tgz",
      "integrity": "sha1-u7gW7zemV4jAsclg3b4TN/1pe24="
    },
    "inuit-defaults": {
      "version": "0.2.1",
      "resolved": "https://registry.npmjs.org/inuit-defaults/-/inuit-defaults-0.2.1.tgz",
      "integrity": "sha1-JDw0ookBMWtuQyNsK26LogNZ3m0="
    },
    "inuit-functions": {
      "version": "0.2.0",
      "resolved": "https://registry.npmjs.org/inuit-functions/-/inuit-functions-0.2.0.tgz",
      "integrity": "sha1-mfzcoI8JTCFhcggcs+rbIowLfGY="
    },
    "inuit-mixins": {
      "version": "0.2.3",
      "resolved": "https://registry.npmjs.org/inuit-mixins/-/inuit-mixins-0.2.3.tgz",
      "integrity": "sha1-KtGSdrsr+iKMYgebj1uqfev0qZ8=",
      "requires": {
        "inuit-defaults": "~0.2.0"
      }
    },
    "inuit-normalize": {
      "version": "3.0.2",
      "resolved": "https://registry.npmjs.org/inuit-normalize/-/inuit-normalize-3.0.2.tgz",
      "integrity": "sha1-bFBYM3Tp4WEI9SWZqHmjg76k2EI="
    },
    "inuit-page": {
      "version": "0.2.1",
      "resolved": "https://registry.npmjs.org/inuit-page/-/inuit-page-0.2.1.tgz",
      "integrity": "sha1-aQZMvqGJA39kCwGDoi9+2ug9DF0=",
      "requires": {
        "inuit-defaults": "~0.2.0",
        "inuit-mixins": "~0.2.2"
      }
    },
    "inuit-starter-kit": {
      "version": "0.2.9",
      "resolved": "https://registry.npmjs.org/inuit-starter-kit/-/inuit-starter-kit-0.2.9.tgz",
      "integrity": "sha1-qbxaAB+SrlmM+9ApNsFlMKn4fAs=",
      "requires": {
        "inuit-box-sizing": "0.2.0",
        "inuit-defaults": "0.2.1",
        "inuit-functions": "0.2.0",
        "inuit-mixins": "0.2.3",
        "inuit-normalize": "3.0.2",
        "inuit-page": "0.2.1"
      }
    }
  }
}
